
Microsoft Visual Studio Solution File, Format Version 12.00
# Visual Studio Version 16
VisualStudioVersion = 16.0.32510.428
MinimumVisualStudioVersion = 10.0.40219.1
Project("{FAE04EC0-301F-11D3-BF4B-00C04F79EFBC}") = "Bootcamp.Calculation", "Bootcamp.Calculation\Bootcamp.Calculation.csproj", "{ED2CDC71-4BC3-4671-BCDE-91A52819B16E}"
EndProject
Global
	GlobalSection(SolutionConfigurationPlatforms) = preSolution
		Debug|Any CPU = Debug|Any CPU
		Release|Any CPU = Release|Any CPU
	EndGlobalSection
	GlobalSection(ProjectConfigurationPlatforms) = postSolution
		{ED2CDC71-4BC3-4671-BCDE-91A52819B16E}.Debug|Any CPU.ActiveCfg = Debug|Any CPU
		{ED2CDC71-4BC3-4671-BCDE-91A52819B16E}.Debug|Any CPU.Build.0 = Debug|Any CPU
		{ED2CDC71-4BC3-4671-BCDE-91A52819B16E}.Release|Any CPU.ActiveCfg = Release|Any CPU
		{ED2CDC71-4BC3-4671-BCDE-91A52819B16E}.Release|Any CPU.Build.0 = Release|Any CPU
	EndGlobalSection
	GlobalSection(SolutionProperties) = preSolution
		HideSolutionNode = FALSE
	EndGlobalSection
	GlobalSection(ExtensibilityGlobals) = postSolution
		SolutionGuid = {5AFA433A-7E99-4519-B68E-7D69AEB5B2FE}
	EndGlobalSection
EndGlobal
